
Microsoft Visual Studio Solution File, Format Version 12.00
# Visual Studio 2013
VisualStudioVersion = 12.0.31101.0
MinimumVisualStudioVersion = 10.0.40219.1
Project("{8BC9CEB8-8B4A-11D0-8D11-00A0C91BC942}") = "EQRI", "EQRaceInventory.vcxproj", "{EBD0282A-12AC-494D-9E46-0148F3967B0B}"
EndProject
Project("{8BC9CEB8-8B4A-11D0-8D11-00A0C91BC942}") = "EQPack", "..\EQPack\EQPack.vcxproj", "{799112C4-CE29-4502-8C14-4C630998961D}"
EndProject
Global
	GlobalSection(SolutionConfigurationPlatforms) = preSolution
		Debug|Mixed Platforms = Debug|Mixed Platforms
		Debug|Win32 = Debug|Win32
		Debug|x64 = Debug|x64
		Release|Mixed Platforms = Release|Mixed Platforms
		Release|Win32 = Release|Win32
		Release|x64 = Release|x64
	EndGlobalSection
	GlobalSection(ProjectConfigurationPlatforms) = postSolution
		{EBD0282A-12AC-494D-9E46-0148F3967B0B}.Debug|Mixed Platforms.ActiveCfg = Debug|Win32
		{EBD0282A-12AC-494D-9E46-0148F3967B0B}.Debug|Mixed Platforms.Build.0 = Debug|Win32
		{EBD0282A-12AC-494D-9E46-0148F3967B0B}.Debug|Win32.ActiveCfg = Debug|Win32
		{EBD0282A-12AC-494D-9E46-0148F3967B0B}.Debug|Win32.Build.0 = Debug|Win32
		{EBD0282A-12AC-494D-9E46-0148F3967B0B}.Debug|x64.ActiveCfg = Debug|Win32
		{EBD0282A-12AC-494D-9E46-0148F3967B0B}.Release|Mixed Platforms.ActiveCfg = Release|Win32
		{EBD0282A-12AC-494D-9E46-0148F3967B0B}.Release|Mixed Platforms.Build.0 = Release|Win32
		{EBD0282A-12AC-494D-9E46-0148F3967B0B}.Release|Win32.ActiveCfg = Release|Win32
		{EBD0282A-12AC-494D-9E46-0148F3967B0B}.Release|Win32.Build.0 = Release|Win32
		{EBD0282A-12AC-494D-9E46-0148F3967B0B}.Release|x64.ActiveCfg = Release|Win32
		{799112C4-CE29-4502-8C14-4C630998961D}.Debug|Mixed Platforms.ActiveCfg = Debug|Win32
		{799112C4-CE29-4502-8C14-4C630998961D}.Debug|Mixed Platforms.Build.0 = Debug|Win32
		{799112C4-CE29-4502-8C14-4C630998961D}.Debug|Win32.ActiveCfg = Debug|Win32
		{799112C4-CE29-4502-8C14-4C630998961D}.Debug|Win32.Build.0 = Debug|Win32
		{799112C4-CE29-4502-8C14-4C630998961D}.Debug|x64.ActiveCfg = Debug|Win32
		{799112C4-CE29-4502-8C14-4C630998961D}.Release|Mixed Platforms.ActiveCfg = Release|Win32
		{799112C4-CE29-4502-8C14-4C630998961D}.Release|Mixed Platforms.Build.0 = Release|Win32
		{799112C4-CE29-4502-8C14-4C630998961D}.Release|Win32.ActiveCfg = Release|Win32
		{799112C4-CE29-4502-8C14-4C630998961D}.Release|Win32.Build.0 = Release|Win32
		{799112C4-CE29-4502-8C14-4C630998961D}.Release|x64.ActiveCfg = Release|Win32
	EndGlobalSection
	GlobalSection(SolutionProperties) = preSolution
		HideSolutionNode = FALSE
	EndGlobalSection
EndGlobal
